<?xml version="1.0" encoding="utf-8"?>
<Project ToolsVersion="4.0" xmlns="http://schemas.microsoft.com/developer/msbuild/2003">
  <ItemGroup>
    <ClCompile Include="Application.cpp" />
    <ClCompile Include="MessageMap.cpp" />
    <ClCompile Include="stdafx.cpp" />
    <ClCompile Include="Window.cpp" />
  </ItemGroup>
  <ItemGroup>
    <ClInclude Include="Application.h" />
    <ClInclude Include="Colors.h" />
    <ClInclude Include="MessageMap.h" />
    <ClInclude Include="stdafx.h" />
    <ClInclude Include="TraficLightColor.h" />
  </ItemGroup>
</Project>